
Microsoft Visual Studio Solution File, Format Version 12.00
# Visual Studio Version 17
VisualStudioVersion = 17.5.002.0
MinimumVisualStudioVersion = 10.0.40219.1
Project("{9A19103F-16F7-4668-BE54-9A1E7A4F7556}") = "Shop.Cart", "Shop.Cart.csproj", "{99831438-6D90-46D9-97F1-720C7FA06AF1}"
EndProject
Global
	GlobalSection(SolutionConfigurationPlatforms) = preSolution
		Debug|Any CPU = Debug|Any CPU
		Release|Any CPU = Release|Any CPU
	EndGlobalSection
	GlobalSection(ProjectConfigurationPlatforms) = postSolution
		{99831438-6D90-46D9-97F1-720C7FA06AF1}.Debug|Any CPU.ActiveCfg = Debug|Any CPU
		{99831438-6D90-46D9-97F1-720C7FA06AF1}.Debug|Any CPU.Build.0 = Debug|Any CPU
		{99831438-6D90-46D9-97F1-720C7FA06AF1}.Release|Any CPU.ActiveCfg = Release|Any CPU
		{99831438-6D90-46D9-97F1-720C7FA06AF1}.Release|Any CPU.Build.0 = Release|Any CPU
	EndGlobalSection
	GlobalSection(SolutionProperties) = preSolution
		HideSolutionNode = FALSE
	EndGlobalSection
	GlobalSection(ExtensibilityGlobals) = postSolution
		SolutionGuid = {9E20C28C-489B-4B75-9E36-338A4836E09C}
	EndGlobalSection
EndGlobal
