
Microsoft Visual Studio Solution File, Format Version 12.00
# Visual Studio Version 17
VisualStudioVersion = 17.5.002.0
MinimumVisualStudioVersion = 10.0.40219.1
Project("{9A19103F-16F7-4668-BE54-9A1E7A4F7556}") = "Shop.Common", "Shop.Common.csproj", "{BC503490-30E4-4ADE-83D1-26BD33AD4821}"
EndProject
Global
	GlobalSection(SolutionConfigurationPlatforms) = preSolution
		Debug|Any CPU = Debug|Any CPU
		Release|Any CPU = Release|Any CPU
	EndGlobalSection
	GlobalSection(ProjectConfigurationPlatforms) = postSolution
		{BC503490-30E4-4ADE-83D1-26BD33AD4821}.Debug|Any CPU.ActiveCfg = Debug|Any CPU
		{BC503490-30E4-4ADE-83D1-26BD33AD4821}.Debug|Any CPU.Build.0 = Debug|Any CPU
		{BC503490-30E4-4ADE-83D1-26BD33AD4821}.Release|Any CPU.ActiveCfg = Release|Any CPU
		{BC503490-30E4-4ADE-83D1-26BD33AD4821}.Release|Any CPU.Build.0 = Release|Any CPU
	EndGlobalSection
	GlobalSection(SolutionProperties) = preSolution
		HideSolutionNode = FALSE
	EndGlobalSection
	GlobalSection(ExtensibilityGlobals) = postSolution
		SolutionGuid = {A593C75C-2D77-46AC-AD7A-53CCABC973E4}
	EndGlobalSection
EndGlobal
