
Microsoft Visual Studio Solution File, Format Version 12.00
# Visual Studio Version 17
VisualStudioVersion = 17.5.002.0
MinimumVisualStudioVersion = 10.0.40219.1
Project("{9A19103F-16F7-4668-BE54-9A1E7A4F7556}") = "Shop.Catalog", "Shop.Catalog.csproj", "{39321C68-43F5-492D-A806-8E14B6AD357A}"
EndProject
Global
	GlobalSection(SolutionConfigurationPlatforms) = preSolution
		Debug|Any CPU = Debug|Any CPU
		Release|Any CPU = Release|Any CPU
	EndGlobalSection
	GlobalSection(ProjectConfigurationPlatforms) = postSolution
		{39321C68-43F5-492D-A806-8E14B6AD357A}.Debug|Any CPU.ActiveCfg = Debug|Any CPU
		{39321C68-43F5-492D-A806-8E14B6AD357A}.Debug|Any CPU.Build.0 = Debug|Any CPU
		{39321C68-43F5-492D-A806-8E14B6AD357A}.Release|Any CPU.ActiveCfg = Release|Any CPU
		{39321C68-43F5-492D-A806-8E14B6AD357A}.Release|Any CPU.Build.0 = Release|Any CPU
	EndGlobalSection
	GlobalSection(SolutionProperties) = preSolution
		HideSolutionNode = FALSE
	EndGlobalSection
	GlobalSection(ExtensibilityGlobals) = postSolution
		SolutionGuid = {DFE8C62E-1DD2-430A-B263-9B57C77C8114}
	EndGlobalSection
EndGlobal
